speakeasyVersion: 1.550.0
sources:
    Cribl Control Plane and Management API:
        sourceNamespace: cribl-control-plane-and-management-api
        sourceRevisionDigest: sha256:eff775e169c190e39204363ebb968664943771f8d540773bb4a4724eff369457
        sourceBlobDigest: sha256:e021f2e24e9e2f0920649f3e2bfedd57a168516ba58ccf8b68d2ce6b2ce64932
        tags:
            - latest
            - 1.0.0
targets:
    cribl-io:
        source: Cribl Control Plane and Management API
        sourceNamespace: cribl-control-plane-and-management-api
        sourceRevisionDigest: sha256:eff775e169c190e39204363ebb968664943771f8d540773bb4a4724eff369457
        sourceBlobDigest: sha256:e021f2e24e9e2f0920649f3e2bfedd57a168516ba58ccf8b68d2ce6b2ce64932
workflow:
    workflowVersion: 1.0.0
    speakeasyVersion: latest
    sources:
        Cribl Control Plane and Management API:
            inputs:
                - location: openapi.yml
            registry:
                location: registry.speakeasyapi.dev/cribl/cribl/cribl-control-plane-and-management-api
    targets:
        cribl-io:
            target: terraform
            source: Cribl Control Plane and Management API
            publish:
                terraform:
                    gpgPrivateKey: $terraform_gpg_private_key
                    gpgPassPhrase: $terraform_gpg_passphrase
