speakeasyVersion: 1.636.0
sources:
    Cribl Control Plane and Management API:
        sourceNamespace: cribl-control-plane-and-management-api
        sourceRevisionDigest: sha256:1d4422c806a4ca2ef0b74e518e475c72a6c8483d5167c247e3468a2c0c1fc5ca
        sourceBlobDigest: sha256:10263e889d155d4159a4a26040ea80b86ebd78f142b3e6ae74b8099aa0d8ac3b
        tags:
            - latest
            - 4.12.2-4b17c8d4
targets:
    cribl-io:
        source: Cribl Control Plane and Management API
        sourceNamespace: cribl-control-plane-and-management-api
        sourceRevisionDigest: sha256:1d4422c806a4ca2ef0b74e518e475c72a6c8483d5167c247e3468a2c0c1fc5ca
        sourceBlobDigest: sha256:10263e889d155d4159a4a26040ea80b86ebd78f142b3e6ae74b8099aa0d8ac3b
workflow:
    workflowVersion: 1.0.0
    speakeasyVersion: latest
    sources:
        Cribl Control Plane and Management API:
            inputs:
                - location: openapi.yml
                - location: openapi-mgmt.yml
            registry:
                location: registry.speakeasyapi.dev/cribl/cribl/cribl-control-plane-and-management-api
    targets:
        cribl-io:
            target: terraform
            source: Cribl Control Plane and Management API
            publish:
                terraform:
                    gpgPrivateKey: $terraform_gpg_private_key
                    gpgPassPhrase: $terraform_gpg_passphrase
