speakeasyVersion: 1.574.1
sources:
    Cribl Control Plane and Management API:
        sourceNamespace: cribl-control-plane-and-management-api
        sourceRevisionDigest: sha256:9eda2d54217a5c1ea6708cd98958c53b3294c64ce7195f1c31c2ecfe08065be6
        sourceBlobDigest: sha256:96200282ab4a853314bff0fd548c2e4ef9432b2110a7017ce29434739234bab9
        tags:
            - latest
            - 1.0.0
targets:
    cribl-io:
        source: Cribl Control Plane and Management API
        sourceNamespace: cribl-control-plane-and-management-api
        sourceRevisionDigest: sha256:9eda2d54217a5c1ea6708cd98958c53b3294c64ce7195f1c31c2ecfe08065be6
        sourceBlobDigest: sha256:96200282ab4a853314bff0fd548c2e4ef9432b2110a7017ce29434739234bab9
workflow:
    workflowVersion: 1.0.0
    speakeasyVersion: latest
    sources:
        Cribl Control Plane and Management API:
            inputs:
                - location: openapi.yml
            registry:
                location: registry.speakeasyapi.dev/cribl/cribl/cribl-control-plane-and-management-api
    targets:
        cribl-io:
            target: terraform
            source: Cribl Control Plane and Management API
            publish:
                terraform:
                    gpgPrivateKey: $terraform_gpg_private_key
                    gpgPassPhrase: $terraform_gpg_passphrase
